{
    "_meta": {
        "hash": {
            "sha256": "1a41d86440d6743b385e019c6a12744c709915070d4df2fcb720640de34f6f45"
        },
        "pipfile-spec": 6,
        "requires": {
            "python_version": "3.6"
        },
        "sources": [
            {
                "name": "pypi",
                "url": "https://pypi.org/simple",
                "verify_ssl": true
            }
        ]
    },
    "default": {
        "apscheduler": {
            "hashes": [
                "sha256:bc9f96e498adb362beb5f1d3715a2570d100183add4ace5227c1a7d5dbaac900",
                "sha256:f68874dff1bdffcc6ce3adb7840c1e4d162c609a3e3f831351df30b75732767b"
            ],
            "index": "pypi",
            "version": "==3.3.1"
        },
        "boto": {
            "hashes": [
                "sha256:dcf140d4ce535bb8f5266d1750c16def4d50f6c46eff27fab38b55d0d74d5ac7",
                "sha256:ef345a9c5f5961c481cf986d755d33470f43452192fbc0ca978f8abe2a31992a"
            ],
            "index": "pypi",
            "version": "==2.42.0"
        },
        "click": {
            "hashes": [
                "sha256:2335065e6395b9e67ca716de5f7526736bfa6ceead690adf616d925bdc622b13",
                "sha256:5b94b49521f6456670fdb30cd82a4eca9412788a93fa6dd6df72c94d5a8ff2d7"
            ],
            "version": "==7.0"
        },
        "dj-database-url": {
            "hashes": [
                "sha256:a6832d8445ee9d788c5baa48aef8130bf61fdc442f7d9a548424d25cd85c9f08",
                "sha256:e16d94c382ea0564c48038fa7fe8d9c890ef1ab1a8ec4cb48e732c124b9482fd"
            ],
            "index": "pypi",
            "version": "==0.4.2"
        },
        "django": {
            "hashes": [
                "sha256:edb0cb0ae9120a21ec729de7138106acd1f0737daa63b9cd8e2d739a7b6198dc"
            ],
            "index": "pypi",
            "version": "==1.11a1"
        },
        "gunicorn": {
            "hashes": [
                "sha256:aa8e0b40b4157b36a5df5e599f45c9c76d6af43845ba3b3b0efe2c70473c2471",
                "sha256:fa2662097c66f920f53f70621c6c58ca4a3c4d3434205e608e121b5b3b71f4f3"
            ],
            "index": "pypi",
            "version": "==19.9.0"
        },
        "python-dateutil": {
            "hashes": [
                "sha256:1adb80e7a782c12e52ef9a8182bebeb73f1d7e24e374397af06fb4956c8dc5c0",
                "sha256:e27001de32f627c22380a688bcc43ce83504a7bc5da472209b4c70f02829f0b8"
            ],
            "index": "pypi",
            "version": "==2.7.3"
        },
        "pytz": {
            "hashes": [
                "sha256:060cf9f8770765a7d0be9e0b3e512ab54bc346a15daa50d6c9dd59347a396d3a",
                "sha256:1cc1fdda22d183ed6e6c9f65ecbba8e12a9208cfadd384d2d429e18dc0250a0f",
                "sha256:2298d266b831852d0a7ef7e17c57c09a0320d187b3f1c85e58903fb6088d268d",
                "sha256:2f5fa04d1804ff0cd52ca3274ba9e74c775b4b70a18f25fcc537c903dfd5cc18",
                "sha256:3495f56248eac90e59a1e742d13e2ce647eea46aadf453d0fa22b7eb3d665670",
                "sha256:51ad716f6081f2126deb436349924e069dfcd0cbd9e0cabdacb0b3a72a3b82e7",
                "sha256:5cf3ed40944662a351b2cca0c5bb0c003e0a1b2c4d808e45fad73abf80f44b48",
                "sha256:6f57732f0f8849817e9853eb9d50d85d1ebb1404f702dbc44ee627c642a486ca",
                "sha256:7833bf559800232d3965b70e69642ebdadc76f7988f8d0a1440e072193ecd949",
                "sha256:97baa64915ef83b98d202ee2d4dbcc891b924b83410e69078523215fa2c72d0a",
                "sha256:a44a3486a6657046879406dfd9ef0565b1211ffcf4779bddbe39c72496df1688",
                "sha256:b5aff44126cf828537581e534cc94299b223b945a2bb3b5434d37bf8c7f3a10c",
                "sha256:dec0bedfa2a91289e2505e4f771dbcb6a3930b6664e6a6ac010cd73f555900ba"
            ],
            "index": "pypi",
            "version": "==2016.6.1"
        },
        "redis": {
            "hashes": [
                "sha256:5dfbae6acfc54edf0a7a415b99e0b21c0a3c27a7f787b292eea727b1facc5533",
                "sha256:97156b37d7cda4e7d8658be1148c983984e1a975090ba458cc7e244025191dbd"
            ],
            "index": "pypi",
            "version": "==2.10.5"
        },
        "requests": {
            "hashes": [
                "sha256:09bc1b5f3a56cd8c48d433213a8cba51a67d12936568f73b5f1793fcb0c0979e",
                "sha256:63f1815788157130cee16a933b2ee184038e975f0017306d723ac326b5525b54"
            ],
            "index": "pypi",
            "version": "==2.10.0"
        },
        "rq": {
            "hashes": [
                "sha256:6c36f146914f6a28009dbcee0c4610600afd1f4f493ce3a2afbd467076cddaac",
                "sha256:b0e98fcfe980cbc7644447d17ea2c177fcbd5c04f1f92d5136c47f00ed2d583d"
            ],
            "index": "pypi",
            "version": "==0.7.1"
        },
        "six": {
            "hashes": [
                "sha256:70e8a77beed4562e7f14fe23a786b54f6296e34344c23bc42f07b15018ff98e9",
                "sha256:832dc0e10feb1aa2c68dcc57dbb658f1c7e65b9b61af69048abc87a2db00a0eb"
            ],
            "version": "==1.11.0"
        },
        "tzlocal": {
            "hashes": [
                "sha256:4ebeb848845ac898da6519b9b31879cf13b6626f7184c496037b818e238f2c4e"
            ],
            "version": "==1.5.1"
        },
        "whitenoise": {
            "hashes": [
                "sha256:1d62a003a0ab747de96da45c831cbb512dcb7f69c1ef0bd20b1cd4ae45d8a0c4",
                "sha256:d098327276de6fd189398a7bcb95789d1bb2d41b3e011eeae4562f6b1a107dd4"
            ],
            "index": "pypi",
            "version": "==3.3.0"
        }
    },
    "develop": {}
}
